Microsoft Visual Studio Solution File, Format Version 12.00
# Visual Studio Version 16
VisualStudioVersion = 16.0.28822.285
MinimumVisualStudioVersion = 10.0.40219.1
Project("{FAE04EC0-301F-11D3-BF4B-00C04F79EFBC}") = "XF_PlanetXamarin.Android", "XF_PlanetXamarin.Android\XF_PlanetXamarin.Android.csproj", "{64CCD2E6-F555-4A92-B481-BC3D5F0DA301}"
EndProject
Project("{FAE04EC0-301F-11D3-BF4B-00C04F79EFBC}") = "XF_PlanetXamarin.iOS", "XF_PlanetXamarin.iOS\XF_PlanetXamarin.iOS.csproj", "{01BAA7AA-973B-48FC-80C1-5FD4603FC36A}"
EndProject
Project("{9A19103F-16F7-4668-BE54-9A1E7A4F7556}") = "XF_PlanetXamarin", "XF_PlanetXamarin\XF_PlanetXamarin.csproj", "{735FC9CE-554B-4677-8DF8-A8E27D3F08BA}"
EndProject
Global
	GlobalSection(SolutionConfigurationPlatforms) = preSolution
		Debug|Any CPU = Debug|Any CPU
		Debug|iPhone = Debug|iPhone
		Debug|iPhoneSimulator = Debug|iPhoneSimulator
		Gorilla|Any CPU = Gorilla|Any CPU
		Gorilla|iPhone = Gorilla|iPhone
		Gorilla|iPhoneSimulator = Gorilla|iPhoneSimulator
		Release|Any CPU = Release|Any CPU
		Release|iPhone = Release|iPhone
		Release|iPhoneSimulator = Release|iPhoneSimulator
	EndGlobalSection
	GlobalSection(ProjectConfigurationPlatforms) = postSolution
		{64CCD2E6-F555-4A92-B481-BC3D5F0DA301}.Debug|Any CPU.ActiveCfg = Debug|Any CPU
		{64CCD2E6-F555-4A92-B481-BC3D5F0DA301}.Debug|Any CPU.Build.0 = Debug|Any CPU
		{64CCD2E6-F555-4A92-B481-BC3D5F0DA301}.Debug|Any CPU.Deploy.0 = Debug|Any CPU
		{64CCD2E6-F555-4A92-B481-BC3D5F0DA301}.Debug|iPhone.ActiveCfg = Debug|Any CPU
		{64CCD2E6-F555-4A92-B481-BC3D5F0DA301}.Debug|iPhone.Build.0 = Debug|Any CPU
		{64CCD2E6-F555-4A92-B481-BC3D5F0DA301}.Debug|iPhoneSimulator.ActiveCfg = Debug|Any CPU
		{64CCD2E6-F555-4A92-B481-BC3D5F0DA301}.Debug|iPhoneSimulator.Build.0 = Debug|Any CPU
		{64CCD2E6-F555-4A92-B481-BC3D5F0DA301}.Gorilla|Any CPU.ActiveCfg = Gorilla|Any CPU
		{64CCD2E6-F555-4A92-B481-BC3D5F0DA301}.Gorilla|Any CPU.Build.0 = Gorilla|Any CPU
		{64CCD2E6-F555-4A92-B481-BC3D5F0DA301}.Gorilla|iPhone.ActiveCfg = Gorilla|Any CPU
		{64CCD2E6-F555-4A92-B481-BC3D5F0DA301}.Gorilla|iPhone.Build.0 = Gorilla|Any CPU
		{64CCD2E6-F555-4A92-B481-BC3D5F0DA301}.Gorilla|iPhone.Deploy.0 = Gorilla|Any CPU
		{64CCD2E6-F555-4A92-B481-BC3D5F0DA301}.Gorilla|iPhoneSimulator.ActiveCfg = Gorilla|iPhoneSimulator
		{64CCD2E6-F555-4A92-B481-BC3D5F0DA301}.Gorilla|iPhoneSimulator.Build.0 = Gorilla|iPhoneSimulator
		{64CCD2E6-F555-4A92-B481-BC3D5F0DA301}.Release|Any CPU.ActiveCfg = Release|Any CPU
		{64CCD2E6-F555-4A92-B481-BC3D5F0DA301}.Release|Any CPU.Build.0 = Release|Any CPU
		{64CCD2E6-F555-4A92-B481-BC3D5F0DA301}.Release|iPhone.ActiveCfg = Release|Any CPU
		{64CCD2E6-F555-4A92-B481-BC3D5F0DA301}.Release|iPhone.Build.0 = Release|Any CPU
		{64CCD2E6-F555-4A92-B481-BC3D5F0DA301}.Release|iPhoneSimulator.ActiveCfg = Release|Any CPU
		{64CCD2E6-F555-4A92-B481-BC3D5F0DA301}.Release|iPhoneSimulator.Build.0 = Release|Any CPU
		{01BAA7AA-973B-48FC-80C1-5FD4603FC36A}.Debug|Any CPU.ActiveCfg = Debug|iPhoneSimulator
		{01BAA7AA-973B-48FC-80C1-5FD4603FC36A}.Debug|Any CPU.Build.0 = Debug|iPhoneSimulator
		{01BAA7AA-973B-48FC-80C1-5FD4603FC36A}.Debug|iPhone.ActiveCfg = Debug|iPhone
		{01BAA7AA-973B-48FC-80C1-5FD4603FC36A}.Debug|iPhone.Build.0 = Debug|iPhone
		{01BAA7AA-973B-48FC-80C1-5FD4603FC36A}.Debug|iPhoneSimulator.ActiveCfg = Debug|iPhoneSimulator
		{01BAA7AA-973B-48FC-80C1-5FD4603FC36A}.Debug|iPhoneSimulator.Build.0 = Debug|iPhoneSimulator
		{01BAA7AA-973B-48FC-80C1-5FD4603FC36A}.Gorilla|Any CPU.ActiveCfg = Gorilla|Any CPU
		{01BAA7AA-973B-48FC-80C1-5FD4603FC36A}.Gorilla|Any CPU.Build.0 = Gorilla|Any CPU
		{01BAA7AA-973B-48FC-80C1-5FD4603FC36A}.Gorilla|iPhone.ActiveCfg = Gorilla|iPhone
		{01BAA7AA-973B-48FC-80C1-5FD4603FC36A}.Gorilla|iPhone.Build.0 = Gorilla|iPhone
		{01BAA7AA-973B-48FC-80C1-5FD4603FC36A}.Gorilla|iPhoneSimulator.ActiveCfg = Gorilla|iPhoneSimulator
		{01BAA7AA-973B-48FC-80C1-5FD4603FC36A}.Gorilla|iPhoneSimulator.Build.0 = Gorilla|iPhoneSimulator
		{01BAA7AA-973B-48FC-80C1-5FD4603FC36A}.Release|Any CPU.ActiveCfg = Release|iPhoneSimulator
		{01BAA7AA-973B-48FC-80C1-5FD4603FC36A}.Release|Any CPU.Build.0 = Release|iPhoneSimulator
		{01BAA7AA-973B-48FC-80C1-5FD4603FC36A}.Release|iPhone.ActiveCfg = Release|iPhone
		{01BAA7AA-973B-48FC-80C1-5FD4603FC36A}.Release|iPhone.Build.0 = Release|iPhone
		{01BAA7AA-973B-48FC-80C1-5FD4603FC36A}.Release|iPhoneSimulator.ActiveCfg = Release|iPhoneSimulator
		{01BAA7AA-973B-48FC-80C1-5FD4603FC36A}.Release|iPhoneSimulator.Build.0 = Release|iPhoneSimulator
		{735FC9CE-554B-4677-8DF8-A8E27D3F08BA}.Debug|Any CPU.ActiveCfg = Debug|Any CPU
		{735FC9CE-554B-4677-8DF8-A8E27D3F08BA}.Debug|Any CPU.Build.0 = Debug|Any CPU
		{735FC9CE-554B-4677-8DF8-A8E27D3F08BA}.Debug|iPhone.ActiveCfg = Debug|Any CPU
		{735FC9CE-554B-4677-8DF8-A8E27D3F08BA}.Debug|iPhone.Build.0 = Debug|Any CPU
		{735FC9CE-554B-4677-8DF8-A8E27D3F08BA}.Debug|iPhoneSimulator.ActiveCfg = Debug|Any CPU
		{735FC9CE-554B-4677-8DF8-A8E27D3F08BA}.Debug|iPhoneSimulator.Build.0 = Debug|Any CPU
		{735FC9CE-554B-4677-8DF8-A8E27D3F08BA}.Gorilla|Any CPU.ActiveCfg = Release|Any CPU
		{735FC9CE-554B-4677-8DF8-A8E27D3F08BA}.Gorilla|Any CPU.Build.0 = Release|Any CPU
		{735FC9CE-554B-4677-8DF8-A8E27D3F08BA}.Gorilla|iPhone.ActiveCfg = Release|Any CPU
		{735FC9CE-554B-4677-8DF8-A8E27D3F08BA}.Gorilla|iPhone.Build.0 = Release|Any CPU
		{735FC9CE-554B-4677-8DF8-A8E27D3F08BA}.Gorilla|iPhoneSimulator.ActiveCfg = Release|Any CPU
		{735FC9CE-554B-4677-8DF8-A8E27D3F08BA}.Gorilla|iPhoneSimulator.Build.0 = Release|Any CPU
		{735FC9CE-554B-4677-8DF8-A8E27D3F08BA}.Release|Any CPU.ActiveCfg = Release|Any CPU
		{735FC9CE-554B-4677-8DF8-A8E27D3F08BA}.Release|Any CPU.Build.0 = Release|Any CPU
		{735FC9CE-554B-4677-8DF8-A8E27D3F08BA}.Release|iPhone.ActiveCfg = Release|Any CPU
		{735FC9CE-554B-4677-8DF8-A8E27D3F08BA}.Release|iPhone.Build.0 = Release|Any CPU
		{735FC9CE-554B-4677-8DF8-A8E27D3F08BA}.Release|iPhoneSimulator.ActiveCfg = Release|Any CPU
		{735FC9CE-554B-4677-8DF8-A8E27D3F08BA}.Release|iPhoneSimulator.Build.0 = Release|Any CPU
	EndGlobalSection
	GlobalSection(SolutionProperties) = preSolution
		HideSolutionNode = FALSE
	EndGlobalSection
	GlobalSection(ExtensibilityGlobals) = postSolution
		SolutionGuid = {18C369A1-9E09-434F-BA7A-D5F779A3AA67}
	EndGlobalSection
EndGlobal
